# THIS IS AN AUTOGENERATED FILE. DO NOT EDIT THIS FILE DIRECTLY.
# yarn lockfile v1


"@types/node@^10.14.8":
  version "10.14.8"
  resolved "https://registry.yarnpkg.com/@types/node/-/node-10.14.8.tgz#fe444203ecef1162348cd6deb76c62477b2cc6e9"
  integrity sha512-I4+DbJEhLEg4/vIy/2gkWDvXBOOtPKV9EnLhYjMoqxcRW+TTZtUftkHktz/a8suoD5mUL7m6ReLrkPvSsCQQmw==

jsonc-parser@^2.1.1:
  version "2.1.1"
  resolved "https://registry.yarnpkg.com/jsonc-parser/-/jsonc-parser-2.1.1.tgz#83dc3d7a6e7186346b889b1280eefa04446c6d3e"
  integrity sha512-VC0CjnWJylKB1iov4u76/W/5Ef0ydDkjtYWxoZ9t3HdWlSnZQwZL5MgFikaB/EtQ4RmMEw3tmQzuYnZA2/Ja1g==

vscode-nls@^4.1.2:
  version "4.1.2"
  resolved "https://registry.yarnpkg.com/vscode-nls/-/vscode-nls-4.1.2.tgz#ca8bf8bb82a0987b32801f9fddfdd2fb9fd3c167"
  integrity sha512-7bOHxPsfyuCqmP+hZXscLhiHwe7CSuFE4hyhbs22xPIhQ4jv99FcR4eBzfYYVLP356HNFpdvz63FFb/xw6T4Iw==
